
Microsoft Visual Studio Solution File, Format Version 12.00
# Visual Studio Version 17
VisualStudioVersion = 17.4.33205.214
MinimumVisualStudioVersion = 10.0.40219.1
Project("{FAE04EC0-301F-11D3-BF4B-00C04F79EFBC}") = "MoodAnalyserProblem", "MoodAnalyserProblem.csproj", "{AF9E6A21-FD3A-4207-B586-065BB8C94BFC}"
EndProject
Global
	GlobalSection(SolutionConfigurationPlatforms) = preSolution
		Debug|Any CPU = Debug|Any CPU
		Release|Any CPU = Release|Any CPU
	EndGlobalSection
	GlobalSection(ProjectConfigurationPlatforms) = postSolution
		{AF9E6A21-FD3A-4207-B586-065BB8C94BFC}.Debug|Any CPU.ActiveCfg = Debug|Any CPU
		{AF9E6A21-FD3A-4207-B586-065BB8C94BFC}.Debug|Any CPU.Build.0 = Debug|Any CPU
		{AF9E6A21-FD3A-4207-B586-065BB8C94BFC}.Release|Any CPU.ActiveCfg = Release|Any CPU
		{AF9E6A21-FD3A-4207-B586-065BB8C94BFC}.Release|Any CPU.Build.0 = Release|Any CPU
	EndGlobalSection
	GlobalSection(SolutionProperties) = preSolution
		HideSolutionNode = FALSE
	EndGlobalSection
	GlobalSection(ExtensibilityGlobals) = postSolution
		SolutionGuid = {5E55BA41-8191-428E-A246-635EF355F9B4}
	EndGlobalSection
EndGlobal
